
Microsoft Visual Studio Solution File, Format Version 12.00
# Visual Studio Version 17
VisualStudioVersion = 17.4.33213.308
MinimumVisualStudioVersion = 10.0.40219.1
Project("{9A19103F-16F7-4668-BE54-9A1E7A4F7556}") = "Presentation", "Presentation\Presentation.csproj", "{D5054D1C-75E8-455B-8D4D-D19007BE8771}"
EndProject
Project("{9A19103F-16F7-4668-BE54-9A1E7A4F7556}") = "Domain", "Domain\Domain.csproj", "{57E2CE70-2B8D-41DD-A578-D946CB6959C1}"
EndProject
Project("{9A19103F-16F7-4668-BE54-9A1E7A4F7556}") = "DataAccess", "DataAccess\DataAccess.csproj", "{FAD03C48-78BC-4270-AE73-78ADC2473D24}"
EndProject
Project("{FAE04EC0-301F-11D3-BF4B-00C04F79EFBC}") = "OneToDelete", "OneToDelete\OneToDelete.csproj", "{83CB9E01-CA43-4042-BAAE-025FAA1637A0}"
EndProject
Global
	GlobalSection(SolutionConfigurationPlatforms) = preSolution
		Debug|Any CPU = Debug|Any CPU
		Release|Any CPU = Release|Any CPU
	EndGlobalSection
	GlobalSection(ProjectConfigurationPlatforms) = postSolution
		{D5054D1C-75E8-455B-8D4D-D19007BE8771}.Debug|Any CPU.ActiveCfg = Debug|Any CPU
		{D5054D1C-75E8-455B-8D4D-D19007BE8771}.Debug|Any CPU.Build.0 = Debug|Any CPU
		{D5054D1C-75E8-455B-8D4D-D19007BE8771}.Release|Any CPU.ActiveCfg = Release|Any CPU
		{D5054D1C-75E8-455B-8D4D-D19007BE8771}.Release|Any CPU.Build.0 = Release|Any CPU
		{57E2CE70-2B8D-41DD-A578-D946CB6959C1}.Debug|Any CPU.ActiveCfg = Debug|Any CPU
		{57E2CE70-2B8D-41DD-A578-D946CB6959C1}.Debug|Any CPU.Build.0 = Debug|Any CPU
		{57E2CE70-2B8D-41DD-A578-D946CB6959C1}.Release|Any CPU.ActiveCfg = Release|Any CPU
		{57E2CE70-2B8D-41DD-A578-D946CB6959C1}.Release|Any CPU.Build.0 = Release|Any CPU
		{FAD03C48-78BC-4270-AE73-78ADC2473D24}.Debug|Any CPU.ActiveCfg = Debug|Any CPU
		{FAD03C48-78BC-4270-AE73-78ADC2473D24}.Debug|Any CPU.Build.0 = Debug|Any CPU
		{FAD03C48-78BC-4270-AE73-78ADC2473D24}.Release|Any CPU.ActiveCfg = Release|Any CPU
		{FAD03C48-78BC-4270-AE73-78ADC2473D24}.Release|Any CPU.Build.0 = Release|Any CPU
		{83CB9E01-CA43-4042-BAAE-025FAA1637A0}.Debug|Any CPU.ActiveCfg = Debug|Any CPU
		{83CB9E01-CA43-4042-BAAE-025FAA1637A0}.Debug|Any CPU.Build.0 = Debug|Any CPU
		{83CB9E01-CA43-4042-BAAE-025FAA1637A0}.Release|Any CPU.ActiveCfg = Release|Any CPU
		{83CB9E01-CA43-4042-BAAE-025FAA1637A0}.Release|Any CPU.Build.0 = Release|Any CPU
	EndGlobalSection
	GlobalSection(SolutionProperties) = preSolution
		HideSolutionNode = FALSE
	EndGlobalSection
	GlobalSection(ExtensibilityGlobals) = postSolution
		SolutionGuid = {6E511753-E4E4-48A1-A089-4A842974515E}
	EndGlobalSection
EndGlobal
